# This file is autogenerated, do not edit; changes may be undone by the next 'dep ensure'.


[[projects]]
  digest = "1:6aea13fbd45d8ab4421ba0318e850c197cce4646340adbfada54ffc89537a278"
  name = "github.com/go-httpproxy/httpproxy"
  packages = ["."]
  pruneopts = "NUT"
  revision = "981f79e1f29c43fdc8f5bc2b1b4e3bd96168a9e0"
  version = "v1.4"

[[projects]]
  branch = "master"
  digest = "1:a2b4fa8b538f6e42d0f38cbdef92e771072d7a64a97ff1512da95554ab2680a1"
  name = "github.com/gregjones/httpcache"
  packages = ["."]
  pruneopts = "NUT"
  revision = "901d90724c7919163f472a9812253fb26761123d"

[solve-meta]
  analyzer-name = "dep"
  analyzer-version = 1
  input-imports = [
    "github.com/go-httpproxy/httpproxy",
    "github.com/gregjones/httpcache",
  ]
  solver-name = "gps-cdcl"
  solver-version = 1
